
Microsoft Visual Studio Solution File, Format Version 12.00
# Visual Studio Version 16
VisualStudioVersion = 16.0.30711.63
MinimumVisualStudioVersion = 10.0.40219.1
Project("{9A19103F-16F7-4668-BE54-9A1E7A4F7556}") = "SimpleTrader.Domain", "SimpleTrader.Domain\SimpleTrader.Domain.csproj", "{E69CBFC3-B3BE-4012-BD31-203CAD1A5F6F}"
EndProject
Project("{9A19103F-16F7-4668-BE54-9A1E7A4F7556}") = "SimpleTrader.EntityFramework", "SimpleTrader.EntityFramework\SimpleTrader.EntityFramework.csproj", "{EC810AD3-D77D-4B09-BBCB-EBE51A11FA1C}"
EndProject
Project("{9A19103F-16F7-4668-BE54-9A1E7A4F7556}") = "SimpleTrader.WPF", "SimpleTrader.WPF\SimpleTrader.WPF.csproj", "{0341F503-978B-46B2-806A-4A631BE6F2FA}"
EndProject
Project("{9A19103F-16F7-4668-BE54-9A1E7A4F7556}") = "SimpleTrader.FinancialModelingPrepAPI", "SimpleTrader.FinancialModelingPrepAPI\SimpleTrader.FinancialModelingPrepAPI.csproj", "{59B26A95-2260-4B45-9676-EF86D98AA107}"
EndProject
Project("{2150E333-8FDC-42A3-9474-1A3956D46DE8}") = "Domain", "Domain", "{D5C726EE-63A5-4D49-8F86-8B826AF24C33}"
EndProject
Project("{2150E333-8FDC-42A3-9474-1A3956D46DE8}") = "Data", "Data", "{D9739265-8840-49ED-851C-E62D25659ED0}"
EndProject
Project("{2150E333-8FDC-42A3-9474-1A3956D46DE8}") = "Business Logic", "Business Logic", "{6834EA9F-1ADB-4827-9F48-04EF4E1B04AC}"
EndProject
Project("{2150E333-8FDC-42A3-9474-1A3956D46DE8}") = "UI", "UI", "{77231993-AACB-4C27-93AE-B31E4DB8B706}"
EndProject
Project("{FAE04EC0-301F-11D3-BF4B-00C04F79EFBC}") = "SimpleTrader.Domain.Tests", "SimpleTrader.Domain.Tests\SimpleTrader.Domain.Tests.csproj", "{B329DC6B-241E-43BB-B05B-0414E81AE62E}"
EndProject
Global
	GlobalSection(SolutionConfigurationPlatforms) = preSolution
		Debug|Any CPU = Debug|Any CPU
		Release|Any CPU = Release|Any CPU
	EndGlobalSection
	GlobalSection(ProjectConfigurationPlatforms) = postSolution
		{E69CBFC3-B3BE-4012-BD31-203CAD1A5F6F}.Debug|Any CPU.ActiveCfg = Debug|Any CPU
		{E69CBFC3-B3BE-4012-BD31-203CAD1A5F6F}.Debug|Any CPU.Build.0 = Debug|Any CPU
		{E69CBFC3-B3BE-4012-BD31-203CAD1A5F6F}.Release|Any CPU.ActiveCfg = Release|Any CPU
		{E69CBFC3-B3BE-4012-BD31-203CAD1A5F6F}.Release|Any CPU.Build.0 = Release|Any CPU
		{EC810AD3-D77D-4B09-BBCB-EBE51A11FA1C}.Debug|Any CPU.ActiveCfg = Debug|Any CPU
		{EC810AD3-D77D-4B09-BBCB-EBE51A11FA1C}.Debug|Any CPU.Build.0 = Debug|Any CPU
		{EC810AD3-D77D-4B09-BBCB-EBE51A11FA1C}.Release|Any CPU.ActiveCfg = Release|Any CPU
		{EC810AD3-D77D-4B09-BBCB-EBE51A11FA1C}.Release|Any CPU.Build.0 = Release|Any CPU
		{0341F503-978B-46B2-806A-4A631BE6F2FA}.Debug|Any CPU.ActiveCfg = Debug|Any CPU
		{0341F503-978B-46B2-806A-4A631BE6F2FA}.Debug|Any CPU.Build.0 = Debug|Any CPU
		{0341F503-978B-46B2-806A-4A631BE6F2FA}.Release|Any CPU.ActiveCfg = Release|Any CPU
		{0341F503-978B-46B2-806A-4A631BE6F2FA}.Release|Any CPU.Build.0 = Release|Any CPU
		{59B26A95-2260-4B45-9676-EF86D98AA107}.Debug|Any CPU.ActiveCfg = Debug|Any CPU
		{59B26A95-2260-4B45-9676-EF86D98AA107}.Debug|Any CPU.Build.0 = Debug|Any CPU
		{59B26A95-2260-4B45-9676-EF86D98AA107}.Release|Any CPU.ActiveCfg = Release|Any CPU
		{59B26A95-2260-4B45-9676-EF86D98AA107}.Release|Any CPU.Build.0 = Release|Any CPU
		{B329DC6B-241E-43BB-B05B-0414E81AE62E}.Debug|Any CPU.ActiveCfg = Debug|Any CPU
		{B329DC6B-241E-43BB-B05B-0414E81AE62E}.Debug|Any CPU.Build.0 = Debug|Any CPU
		{B329DC6B-241E-43BB-B05B-0414E81AE62E}.Release|Any CPU.ActiveCfg = Release|Any CPU
		{B329DC6B-241E-43BB-B05B-0414E81AE62E}.Release|Any CPU.Build.0 = Release|Any CPU
	EndGlobalSection
	GlobalSection(SolutionProperties) = preSolution
		HideSolutionNode = FALSE
	EndGlobalSection
	GlobalSection(NestedProjects) = preSolution
		{E69CBFC3-B3BE-4012-BD31-203CAD1A5F6F} = {D5C726EE-63A5-4D49-8F86-8B826AF24C33}
		{EC810AD3-D77D-4B09-BBCB-EBE51A11FA1C} = {D9739265-8840-49ED-851C-E62D25659ED0}
		{0341F503-978B-46B2-806A-4A631BE6F2FA} = {77231993-AACB-4C27-93AE-B31E4DB8B706}
		{59B26A95-2260-4B45-9676-EF86D98AA107} = {6834EA9F-1ADB-4827-9F48-04EF4E1B04AC}
	EndGlobalSection
	GlobalSection(ExtensibilityGlobals) = postSolution
		SolutionGuid = {748C8251-AC5C-4DC8-B1AA-CCE3E98C1486}
	EndGlobalSection
EndGlobal
